
Microsoft Visual Studio Solution File, Format Version 12.00
# Visual Studio Version 17
VisualStudioVersion = 17.9.34714.143
MinimumVisualStudioVersion = 10.0.40219.1
Project("{FAE04EC0-301F-11D3-BF4B-00C04F79EFBC}") = "Gym Management System", "Gym Management System\Gym Management System.csproj", "{DCBF6029-6496-41D8-A6F4-9781B7778A0E}"
EndProject
Global
	GlobalSection(SolutionConfigurationPlatforms) = preSolution
		Debug|Any CPU = Debug|Any CPU
		Release|Any CPU = Release|Any CPU
	EndGlobalSection
	GlobalSection(ProjectConfigurationPlatforms) = postSolution
		{DCBF6029-6496-41D8-A6F4-9781B7778A0E}.Debug|Any CPU.ActiveCfg = Debug|Any CPU
		{DCBF6029-6496-41D8-A6F4-9781B7778A0E}.Debug|Any CPU.Build.0 = Debug|Any CPU
		{DCBF6029-6496-41D8-A6F4-9781B7778A0E}.Release|Any CPU.ActiveCfg = Release|Any CPU
		{DCBF6029-6496-41D8-A6F4-9781B7778A0E}.Release|Any CPU.Build.0 = Release|Any CPU
	EndGlobalSection
	GlobalSection(SolutionProperties) = preSolution
		HideSolutionNode = FALSE
	EndGlobalSection
	GlobalSection(ExtensibilityGlobals) = postSolution
		SolutionGuid = {D1DC9D6A-55F9-4D5D-84E5-3E07E8F531E1}
	EndGlobalSection
EndGlobal
